// !$*UTF8*$!
{
	archiveVersion = 1;
	classes = {
	};
	objectVersion = 56;
	objects = {

/* Begin PBXBuildFile section */
		80C6474929FBAB7B00480A37 /* AppDelegate.swift in Sources */ = {isa = PBXBuildFile; fileRef = 80C6474829FBAB7B00480A37 /* AppDelegate.swift */; };
		80C6474B29FBAB7B00480A37 /* ViewController.swift in Sources */ = {isa = PBXBuildFile; fileRef = 80C6474A29FBAB7B00480A37 /* ViewController.swift */; };
		80C6474D29FBAB7C00480A37 /* Assets.xcassets in Resources */ = {isa = PBXBuildFile; fileRef = 80C6474C29FBAB7C00480A37 /* Assets.xcassets */; };
		80C6475029FBAB7C00480A37 /* Main.storyboard in Resources */ = {isa = PBXBuildFile; fileRef = 80C6474E29FBAB7C00480A37 /* Main.storyboard */; };
		80C6475B29FBAB7C00480A37 /* battery_controllerTests.swift in Sources */ = {isa = PBXBuildFile; fileRef = 80C6475A29FBAB7C00480A37 /* battery_controllerTests.swift */; };
		80C6476529FBAB7C00480A37 /* battery_controllerUITests.swift in Sources */ = {isa = PBXBuildFile; fileRef = 80C6476429FBAB7C00480A37 /* battery_controllerUITests.swift */; };
		80C6476729FBAB7C00480A37 /* battery_controllerUITestsLaunchTests.swift in Sources */ = {isa = PBXBuildFile; fileRef = 80C6476629FBAB7C00480A37 /* battery_controllerUITestsLaunchTests.swift */; };
/* End PBXBuildFile section */

/* Begin PBXContainerItemProxy section */
		80C6475729FBAB7C00480A37 /* PBXContainerItemProxy */ = {
			isa = PBXContainerItemProxy;
			containerPortal = 80C6473D29FBAB7B00480A37 /* Project object */;
			proxyType = 1;
			remoteGlobalIDString = 80C6474429FBAB7B00480A37;
			remoteInfo = "battery-controller";
		};
		80C6476129FBAB7C00480A37 /* PBXContainerItemProxy */ = {
			isa = PBXContainerItemProxy;
			containerPortal = 80C6473D29FBAB7B00480A37 /* Project object */;
			proxyType = 1;
			remoteGlobalIDString = 80C6474429FBAB7B00480A37;
			remoteInfo = "battery-controller";
		};
/* End PBXContainerItemProxy section */

/* Begin PBXFileReference section */
		80C6474529FBAB7B00480A37 /* battery-controller.app */ = {isa = PBXFileReference; explicitFileType = wrapper.application; includeInIndex = 0; path = "battery-controller.app"; sourceTree = BUILT_PRODUCTS_DIR; };
		80C6474829FBAB7B00480A37 /* AppDelegate.swift */ = {isa = PBXFileReference; lastKnownFileType = sourcecode.swift; path = AppDelegate.swift; sourceTree = "<group>"; };
		80C6474A29FBAB7B00480A37 /* ViewController.swift */ = {isa = PBXFileReference; lastKnownFileType = sourcecode.swift; path = ViewController.swift; sourceTree = "<group>"; };
		80C6474C29FBAB7C00480A37 /* Assets.xcassets */ = {isa = PBXFileReference; lastKnownFileType = folder.assetcatalog; path = Assets.xcassets; sourceTree = "<group>"; };
		80C6474F29FBAB7C00480A37 /* Base */ = {isa = PBXFileReference; lastKnownFileType = file.storyboard; name = Base; path = Base.lproj/Main.storyboard; sourceTree = "<group>"; };
		80C6475129FBAB7C00480A37 /* battery_controller.entitlements */ = {isa = PBXFileReference; lastKnownFileType = text.plist.entitlements; path = battery_controller.entitlements; sourceTree = "<group>"; };
		80C6475629FBAB7C00480A37 /* battery-controllerTests.xctest */ = {isa = PBXFileReference; explicitFileType = wrapper.cfbundle; includeInIndex = 0; path = "battery-controllerTests.xctest"; sourceTree = BUILT_PRODUCTS_DIR; };
		80C6475A29FBAB7C00480A37 /* battery_controllerTests.swift */ = {isa = PBXFileReference; lastKnownFileType = sourcecode.swift; path = battery_controllerTests.swift; sourceTree = "<group>"; };
		80C6476029FBAB7C00480A37 /* battery-controllerUITests.xctest */ = {isa = PBXFileReference; explicitFileType = wrapper.cfbundle; includeInIndex = 0; path = "battery-controllerUITests.xctest"; sourceTree = BUILT_PRODUCTS_DIR; };
		80C6476429FBAB7C00480A37 /* battery_controllerUITests.swift */ = {isa = PBXFileReference; lastKnownFileType = sourcecode.swift; path = battery_controllerUITests.swift; sourceTree = "<group>"; };
		80C6476629FBAB7C00480A37 /* battery_controllerUITestsLaunchTests.swift */ = {isa = PBXFileReference; lastKnownFileType = sourcecode.swift; path = battery_controllerUITestsLaunchTests.swift; sourceTree = "<group>"; };
/* End PBXFileReference section */

/* Begin PBXFrameworksBuildPhase section */
		80C6474229FBAB7B00480A37 /* Frameworks */ = {
			isa = PBXFrameworksBuildPhase;
			buildActionMask = 2147483647;
			files = (
			);
			runOnlyForDeploymentPostprocessing = 0;
		};
		80C6475329FBAB7C00480A37 /* Frameworks */ = {
			isa = PBXFrameworksBuildPhase;
			buildActionMask = 2147483647;
			files = (
			);
			runOnlyForDeploymentPostprocessing = 0;
		};
		80C6475D29FBAB7C00480A37 /* Frameworks */ = {
			isa = PBXFrameworksBuildPhase;
			buildActionMask = 2147483647;
			files = (
			);
			runOnlyForDeploymentPostprocessing = 0;
		};
/* End PBXFrameworksBuildPhase section */

/* Begin PBXGroup section */
		80C6473C29FBAB7B00480A37 = {
			isa = PBXGroup;
			children = (
				80C6474729FBAB7B00480A37 /* battery-controller */,
				80C6475929FBAB7C00480A37 /* battery-controllerTests */,
				80C6476329FBAB7C00480A37 /* battery-controllerUITests */,
				80C6474629FBAB7B00480A37 /* Products */,
			);
			sourceTree = "<group>";
		};
		80C6474629FBAB7B00480A37 /* Products */ = {
			isa = PBXGroup;
			children = (
				80C6474529FBAB7B00480A37 /* battery-controller.app */,
				80C6475629FBAB7C00480A37 /* battery-controllerTests.xctest */,
				80C6476029FBAB7C00480A37 /* battery-controllerUITests.xctest */,
			);
			name = Products;
			sourceTree = "<group>";
		};
		80C6474729FBAB7B00480A37 /* battery-controller */ = {
			isa = PBXGroup;
			children = (
				80C6474829FBAB7B00480A37 /* AppDelegate.swift */,
				80C6474A29FBAB7B00480A37 /* ViewController.swift */,
				80C6474C29FBAB7C00480A37 /* Assets.xcassets */,
				80C6474E29FBAB7C00480A37 /* Main.storyboard */,
				80C6475129FBAB7C00480A37 /* battery_controller.entitlements */,
			);
			path = "battery-controller";
			sourceTree = "<group>";
		};
		80C6475929FBAB7C00480A37 /* battery-controllerTests */ = {
			isa = PBXGroup;
			children = (
				80C6475A29FBAB7C00480A37 /* battery_controllerTests.swift */,
			);
			path = "battery-controllerTests";
			sourceTree = "<group>";
		};
		80C6476329FBAB7C00480A37 /* battery-controllerUITests */ = {
			isa = PBXGroup;
			children = (
				80C6476429FBAB7C00480A37 /* battery_controllerUITests.swift */,
				80C6476629FBAB7C00480A37 /* battery_controllerUITestsLaunchTests.swift */,
			);
			path = "battery-controllerUITests";
			sourceTree = "<group>";
		};
/* End PBXGroup section */

/* Begin PBXNativeTarget section */
		80C6474429FBAB7B00480A37 /* battery-controller */ = {
			isa = PBXNativeTarget;
			buildConfigurationList = 80C6476A29FBAB7C00480A37 /* Build configuration list for PBXNativeTarget "battery-controller" */;
			buildPhases = (
				80C6474129FBAB7B00480A37 /* Sources */,
				80C6474229FBAB7B00480A37 /* Frameworks */,
				80C6474329FBAB7B00480A37 /* Resources */,
			);
			buildRules = (
			);
			dependencies = (
			);
			name = "battery-controller";
			productName = "battery-controller";
			productReference = 80C6474529FBAB7B00480A37 /* battery-controller.app */;
			productType = "com.apple.product-type.application";
		};
		80C6475529FBAB7C00480A37 /* battery-controllerTests */ = {
			isa = PBXNativeTarget;
			buildConfigurationList = 80C6476D29FBAB7C00480A37 /* Build configuration list for PBXNativeTarget "battery-controllerTests" */;
			buildPhases = (
				80C6475229FBAB7C00480A37 /* Sources */,
				80C6475329FBAB7C00480A37 /* Frameworks */,
				80C6475429FBAB7C00480A37 /* Resources */,
			);
			buildRules = (
			);
			dependencies = (
				80C6475829FBAB7C00480A37 /* PBXTargetDependency */,
			);
			name = "battery-controllerTests";
			productName = "battery-controllerTests";
			productReference = 80C6475629FBAB7C00480A37 /* battery-controllerTests.xctest */;
			productType = "com.apple.product-type.bundle.unit-test";
		};
		80C6475F29FBAB7C00480A37 /* battery-controllerUITests */ = {
			isa = PBXNativeTarget;
			buildConfigurationList = 80C6477029FBAB7C00480A37 /* Build configuration list for PBXNativeTarget "battery-controllerUITests" */;
			buildPhases = (
				80C6475C29FBAB7C00480A37 /* Sources */,
				80C6475D29FBAB7C00480A37 /* Frameworks */,
				80C6475E29FBAB7C00480A37 /* Resources */,
			);
			buildRules = (
			);
			dependencies = (
				80C6476229FBAB7C00480A37 /* PBXTargetDependency */,
			);
			name = "battery-controllerUITests";
			productName = "battery-controllerUITests";
			productReference = 80C6476029FBAB7C00480A37 /* battery-controllerUITests.xctest */;
			productType = "com.apple.product-type.bundle.ui-testing";
		};
/* End PBXNativeTarget section */

/* Begin PBXProject section */
		80C6473D29FBAB7B00480A37 /* Project object */ = {
			isa = PBXProject;
			attributes = {
				BuildIndependentTargetsInParallel = 1;
				LastSwiftUpdateCheck = 1430;
				LastUpgradeCheck = 1430;
				TargetAttributes = {
					80C6474429FBAB7B00480A37 = {
						CreatedOnToolsVersion = 14.3;
					};
					80C6475529FBAB7C00480A37 = {
						CreatedOnToolsVersion = 14.3;
						TestTargetID = 80C6474429FBAB7B00480A37;
					};
					80C6475F29FBAB7C00480A37 = {
						CreatedOnToolsVersion = 14.3;
						TestTargetID = 80C6474429FBAB7B00480A37;
					};
				};
			};
			buildConfigurationList = 80C6474029FBAB7B00480A37 /* Build configuration list for PBXProject "battery-controller" */;
			compatibilityVersion = "Xcode 14.0";
			developmentRegion = en;
			hasScannedForEncodings = 0;
			knownRegions = (
				en,
				Base,
			);
			mainGroup = 80C6473C29FBAB7B00480A37;
			productRefGroup = 80C6474629FBAB7B00480A37 /* Products */;
			projectDirPath = "";
			projectRoot = "";
			targets = (
				80C6474429FBAB7B00480A37 /* battery-controller */,
				80C6475529FBAB7C00480A37 /* battery-controllerTests */,
				80C6475F29FBAB7C00480A37 /* battery-controllerUITests */,
			);
		};
/* End PBXProject section */

/* Begin PBXResourcesBuildPhase section */
		80C6474329FBAB7B00480A37 /* Resources */ = {
			isa = PBXResourcesBuildPhase;
			buildActionMask = 2147483647;
			files = (
				80C6474D29FBAB7C00480A37 /* Assets.xcassets in Resources */,
				80C6475029FBAB7C00480A37 /* Main.storyboard in Resources */,
			);
			runOnlyForDeploymentPostprocessing = 0;
		};
		80C6475429FBAB7C00480A37 /* Resources */ = {
			isa = PBXResourcesBuildPhase;
			buildActionMask = 2147483647;
			files = (
			);
			runOnlyForDeploymentPostprocessing = 0;
		};
		80C6475E29FBAB7C00480A37 /* Resources */ = {
			isa = PBXResourcesBuildPhase;
			buildActionMask = 2147483647;
			files = (
			);
			runOnlyForDeploymentPostprocessing = 0;
		};
/* End PBXResourcesBuildPhase section */

/* Begin PBXSourcesBuildPhase section */
		80C6474129FBAB7B00480A37 /* Sources */ = {
			isa = PBXSourcesBuildPhase;
			buildActionMask = 2147483647;
			files = (
				80C6474B29FBAB7B00480A37 /* ViewController.swift in Sources */,
				80C6474929FBAB7B00480A37 /* AppDelegate.swift in Sources */,
			);
			runOnlyForDeploymentPostprocessing = 0;
		};
		80C6475229FBAB7C00480A37 /* Sources */ = {
			isa = PBXSourcesBuildPhase;
			buildActionMask = 2147483647;
			files = (
				80C6475B29FBAB7C00480A37 /* battery_controllerTests.swift in Sources */,
			);
			runOnlyForDeploymentPostprocessing = 0;
		};
		80C6475C29FBAB7C00480A37 /* Sources */ = {
			isa = PBXSourcesBuildPhase;
			buildActionMask = 2147483647;
			files = (
				80C6476729FBAB7C00480A37 /* battery_controllerUITestsLaunchTests.swift in Sources */,
				80C6476529FBAB7C00480A37 /* battery_controllerUITests.swift in Sources */,
			);
			runOnlyForDeploymentPostprocessing = 0;
		};
/* End PBXSourcesBuildPhase section */

/* Begin PBXTargetDependency section */
		80C6475829FBAB7C00480A37 /* PBXTargetDependency */ = {
			isa = PBXTargetDependency;
			target = 80C6474429FBAB7B00480A37 /* battery-controller */;
			targetProxy = 80C6475729FBAB7C00480A37 /* PBXContainerItemProxy */;
		};
		80C6476229FBAB7C00480A37 /* PBXTargetDependency */ = {
			isa = PBXTargetDependency;
			target = 80C6474429FBAB7B00480A37 /* battery-controller */;
			targetProxy = 80C6476129FBAB7C00480A37 /* PBXContainerItemProxy */;
		};
/* End PBXTargetDependency section */

/* Begin PBXVariantGroup section */
		80C6474E29FBAB7C00480A37 /* Main.storyboard */ = {
			isa = PBXVariantGroup;
			children = (
				80C6474F29FBAB7C00480A37 /* Base */,
			);
			name = Main.storyboard;
			sourceTree = "<group>";
		};
/* End PBXVariantGroup section */

/* Begin XCBuildConfiguration section */
		80C6476829FBAB7C00480A37 /* Debug */ = {
			isa = XCBuildConfiguration;
			buildSettings = {
				ALWAYS_SEARCH_USER_PATHS = NO;
				CLANG_ANALYZER_NONNULL = YES;
				CLANG_ANALYZER_NUMBER_OBJECT_CONVERSION = YES_AGGRESSIVE;
				CLANG_CXX_LANGUAGE_STANDARD = "gnu++20";
				CLANG_ENABLE_MODULES = YES;
				CLANG_ENABLE_OBJC_ARC = YES;
				CLANG_ENABLE_OBJC_WEAK = YES;
				CLANG_WARN_BLOCK_CAPTURE_AUTORELEASING = YES;
				CLANG_WARN_BOOL_CONVERSION = YES;
				CLANG_WARN_COMMA = YES;
				CLANG_WARN_CONSTANT_CONVERSION = YES;
				CLANG_WARN_DEPRECATED_OBJC_IMPLEMENTATIONS = YES;
				CLANG_WARN_DIRECT_OBJC_ISA_USAGE = YES_ERROR;
				CLANG_WARN_DOCUMENTATION_COMMENTS = YES;
				CLANG_WARN_EMPTY_BODY = YES;
				CLANG_WARN_ENUM_CONVERSION = YES;
				CLANG_WARN_INFINITE_RECURSION = YES;
				CLANG_WARN_INT_CONVERSION = YES;
				CLANG_WARN_NON_LITERAL_NULL_CONVERSION = YES;
				CLANG_WARN_OBJC_IMPLICIT_RETAIN_SELF = YES;
				CLANG_WARN_OBJC_LITERAL_CONVERSION = YES;
				CLANG_WARN_OBJC_ROOT_CLASS = YES_ERROR;
				CLANG_WARN_QUOTED_INCLUDE_IN_FRAMEWORK_HEADER = YES;
				CLANG_WARN_RANGE_LOOP_ANALYSIS = YES;
				CLANG_WARN_STRICT_PROTOTYPES = YES;
				CLANG_WARN_SUSPICIOUS_MOVE = YES;
				CLANG_WARN_UNGUARDED_AVAILABILITY = YES_AGGRESSIVE;
				CLANG_WARN_UNREACHABLE_CODE = YES;
				CLANG_WARN__DUPLICATE_METHOD_MATCH = YES;
				COPY_PHASE_STRIP = NO;
				DEBUG_INFORMATION_FORMAT = dwarf;
				ENABLE_STRICT_OBJC_MSGSEND = YES;
				ENABLE_TESTABILITY = YES;
				GCC_C_LANGUAGE_STANDARD = gnu11;
				GCC_DYNAMIC_NO_PIC = NO;
				GCC_NO_COMMON_BLOCKS = YES;
				GCC_OPTIMIZATION_LEVEL = 0;
				GCC_PREPROCESSOR_DEFINITIONS = (
					"DEBUG=1",
					"$(inherited)",
				);
				GCC_WARN_64_TO_32_BIT_CONVERSION = YES;
				GCC_WARN_ABOUT_RETURN_TYPE = YES_ERROR;
				GCC_WARN_UNDECLARED_SELECTOR = YES;
				GCC_WARN_UNINITIALIZED_AUTOS = YES_AGGRESSIVE;
				GCC_WARN_UNUSED_FUNCTION = YES;
				GCC_WARN_UNUSED_VARIABLE = YES;
				MACOSX_DEPLOYMENT_TARGET = 13.3;
				MTL_ENABLE_DEBUG_INFO = INCLUDE_SOURCE;
				MTL_FAST_MATH = YES;
				ONLY_ACTIVE_ARCH = YES;
				SDKROOT = macosx;
				SWIFT_ACTIVE_COMPILATION_CONDITIONS = DEBUG;
				SWIFT_OPTIMIZATION_LEVEL = "-Onone";
			};
			name = Debug;
		};
		80C6476929FBAB7C00480A37 /* Release */ = {
			isa = XCBuildConfiguration;
			buildSettings = {
				ALWAYS_SEARCH_USER_PATHS = NO;
				CLANG_ANALYZER_NONNULL = YES;
				CLANG_ANALYZER_NUMBER_OBJECT_CONVERSION = YES_AGGRESSIVE;
				CLANG_CXX_LANGUAGE_STANDARD = "gnu++20";
				CLANG_ENABLE_MODULES = YES;
				CLANG_ENABLE_OBJC_ARC = YES;
				CLANG_ENABLE_OBJC_WEAK = YES;
				CLANG_WARN_BLOCK_CAPTURE_AUTORELEASING = YES;
				CLANG_WARN_BOOL_CONVERSION = YES;
				CLANG_WARN_COMMA = YES;
				CLANG_WARN_CONSTANT_CONVERSION = YES;
				CLANG_WARN_DEPRECATED_OBJC_IMPLEMENTATIONS = YES;
				CLANG_WARN_DIRECT_OBJC_ISA_USAGE = YES_ERROR;
				CLANG_WARN_DOCUMENTATION_COMMENTS = YES;
				CLANG_WARN_EMPTY_BODY = YES;
				CLANG_WARN_ENUM_CONVERSION = YES;
				CLANG_WARN_INFINITE_RECURSION = YES;
				CLANG_WARN_INT_CONVERSION = YES;
				CLANG_WARN_NON_LITERAL_NULL_CONVERSION = YES;
				CLANG_WARN_OBJC_IMPLICIT_RETAIN_SELF = YES;
				CLANG_WARN_OBJC_LITERAL_CONVERSION = YES;
				CLANG_WARN_OBJC_ROOT_CLASS = YES_ERROR;
				CLANG_WARN_QUOTED_INCLUDE_IN_FRAMEWORK_HEADER = YES;
				CLANG_WARN_RANGE_LOOP_ANALYSIS = YES;
				CLANG_WARN_STRICT_PROTOTYPES = YES;
				CLANG_WARN_SUSPICIOUS_MOVE = YES;
				CLANG_WARN_UNGUARDED_AVAILABILITY = YES_AGGRESSIVE;
				CLANG_WARN_UNREACHABLE_CODE = YES;
				CLANG_WARN__DUPLICATE_METHOD_MATCH = YES;
				COPY_PHASE_STRIP = NO;
				DEBUG_INFORMATION_FORMAT = "dwarf-with-dsym";
				ENABLE_NS_ASSERTIONS = NO;
				ENABLE_STRICT_OBJC_MSGSEND = YES;
				GCC_C_LANGUAGE_STANDARD = gnu11;
				GCC_NO_COMMON_BLOCKS = YES;
				GCC_WARN_64_TO_32_BIT_CONVERSION = YES;
				GCC_WARN_ABOUT_RETURN_TYPE = YES_ERROR;
				GCC_WARN_UNDECLARED_SELECTOR = YES;
				GCC_WARN_UNINITIALIZED_AUTOS = YES_AGGRESSIVE;
				GCC_WARN_UNUSED_FUNCTION = YES;
				GCC_WARN_UNUSED_VARIABLE = YES;
				MACOSX_DEPLOYMENT_TARGET = 13.3;
				MTL_ENABLE_DEBUG_INFO = NO;
				MTL_FAST_MATH = YES;
				SDKROOT = macosx;
				SWIFT_COMPILATION_MODE = wholemodule;
				SWIFT_OPTIMIZATION_LEVEL = "-O";
			};
			name = Release;
		};
		80C6476B29FBAB7C00480A37 /* Debug */ = {
			isa = XCBuildConfiguration;
			buildSettings = {
				ASSETCATALOG_COMPILER_APPICON_NAME = AppIcon;
				ASSETCATALOG_COMPILER_GLOBAL_ACCENT_COLOR_NAME = AccentColor;
				CODE_SIGN_ENTITLEMENTS = "battery-controller/battery_controller.entitlements";
				CODE_SIGN_STYLE = Automatic;
				COMBINE_HIDPI_IMAGES = YES;
				CURRENT_PROJECT_VERSION = 1;
				DEVELOPMENT_TEAM = 3WM549S9AK;
				ENABLE_HARDENED_RUNTIME = YES;
				GENERATE_INFOPLIST_FILE = YES;
				INFOPLIST_KEY_NSHumanReadableCopyright = "";
				INFOPLIST_KEY_NSMainStoryboardFile = Main;
				INFOPLIST_KEY_NSPrincipalClass = NSApplication;
				LD_RUNPATH_SEARCH_PATHS = (
					"$(inherited)",
					"@executable_path/../Frameworks",
				);
				MARKETING_VERSION = 1.0;
				PRODUCT_BUNDLE_IDENTIFIER = "cider.battery-controller";
				PRODUCT_NAME = "$(TARGET_NAME)";
				SWIFT_EMIT_LOC_STRINGS = YES;
				SWIFT_VERSION = 5.0;
			};
			name = Debug;
		};
		80C6476C29FBAB7C00480A37 /* Release */ = {
			isa = XCBuildConfiguration;
			buildSettings = {
				ASSETCATALOG_COMPILER_APPICON_NAME = AppIcon;
				ASSETCATALOG_COMPILER_GLOBAL_ACCENT_COLOR_NAME = AccentColor;
				CODE_SIGN_ENTITLEMENTS = "battery-controller/battery_controller.entitlements";
				CODE_SIGN_STYLE = Automatic;
				COMBINE_HIDPI_IMAGES = YES;
				CURRENT_PROJECT_VERSION = 1;
				DEVELOPMENT_TEAM = 3WM549S9AK;
				ENABLE_HARDENED_RUNTIME = YES;
				GENERATE_INFOPLIST_FILE = YES;
				INFOPLIST_KEY_NSHumanReadableCopyright = "";
				INFOPLIST_KEY_NSMainStoryboardFile = Main;
				INFOPLIST_KEY_NSPrincipalClass = NSApplication;
				LD_RUNPATH_SEARCH_PATHS = (
					"$(inherited)",
					"@executable_path/../Frameworks",
				);
				MARKETING_VERSION = 1.0;
				PRODUCT_BUNDLE_IDENTIFIER = "cider.battery-controller";
				PRODUCT_NAME = "$(TARGET_NAME)";
				SWIFT_EMIT_LOC_STRINGS = YES;
				SWIFT_VERSION = 5.0;
			};
			name = Release;
		};
		80C6476E29FBAB7C00480A37 /* Debug */ = {
			isa = XCBuildConfiguration;
			buildSettings = {
				ALWAYS_EMBED_SWIFT_STANDARD_LIBRARIES = YES;
				BUNDLE_LOADER = "$(TEST_HOST)";
				CODE_SIGN_STYLE = Automatic;
				CURRENT_PROJECT_VERSION = 1;
				DEVELOPMENT_TEAM = 3WM549S9AK;
				GENERATE_INFOPLIST_FILE = YES;
				MACOSX_DEPLOYMENT_TARGET = 13.3;
				MARKETING_VERSION = 1.0;
				PRODUCT_BUNDLE_IDENTIFIER = "cider.battery-controllerTests";
				PRODUCT_NAME = "$(TARGET_NAME)";
				SWIFT_EMIT_LOC_STRINGS = NO;
				SWIFT_VERSION = 5.0;
				TEST_HOST = "$(BUILT_PRODUCTS_DIR)/battery-controller.app/$(BUNDLE_EXECUTABLE_FOLDER_PATH)/battery-controller";
			};
			name = Debug;
		};
		80C6476F29FBAB7C00480A37 /* Release */ = {
			isa = XCBuildConfiguration;
			buildSettings = {
				ALWAYS_EMBED_SWIFT_STANDARD_LIBRARIES = YES;
				BUNDLE_LOADER = "$(TEST_HOST)";
				CODE_SIGN_STYLE = Automatic;
				CURRENT_PROJECT_VERSION = 1;
				DEVELOPMENT_TEAM = 3WM549S9AK;
				GENERATE_INFOPLIST_FILE = YES;
				MACOSX_DEPLOYMENT_TARGET = 13.3;
				MARKETING_VERSION = 1.0;
				PRODUCT_BUNDLE_IDENTIFIER = "cider.battery-controllerTests";
				PRODUCT_NAME = "$(TARGET_NAME)";
				SWIFT_EMIT_LOC_STRINGS = NO;
				SWIFT_VERSION = 5.0;
				TEST_HOST = "$(BUILT_PRODUCTS_DIR)/battery-controller.app/$(BUNDLE_EXECUTABLE_FOLDER_PATH)/battery-controller";
			};
			name = Release;
		};
		80C6477129FBAB7C00480A37 /* Debug */ = {
			isa = XCBuildConfiguration;
			buildSettings = {
				ALWAYS_EMBED_SWIFT_STANDARD_LIBRARIES = YES;
				CODE_SIGN_STYLE = Automatic;
				CURRENT_PROJECT_VERSION = 1;
				DEVELOPMENT_TEAM = 3WM549S9AK;
				GENERATE_INFOPLIST_FILE = YES;
				MARKETING_VERSION = 1.0;
				PRODUCT_BUNDLE_IDENTIFIER = "cider.battery-controllerUITests";
				PRODUCT_NAME = "$(TARGET_NAME)";
				SWIFT_EMIT_LOC_STRINGS = NO;
				SWIFT_VERSION = 5.0;
				TEST_TARGET_NAME = "battery-controller";
			};
			name = Debug;
		};
		80C6477229FBAB7C00480A37 /* Release */ = {
			isa = XCBuildConfiguration;
			buildSettings = {
				ALWAYS_EMBED_SWIFT_STANDARD_LIBRARIES = YES;
				CODE_SIGN_STYLE = Automatic;
				CURRENT_PROJECT_VERSION = 1;
				DEVELOPMENT_TEAM = 3WM549S9AK;
				GENERATE_INFOPLIST_FILE = YES;
				MARKETING_VERSION = 1.0;
				PRODUCT_BUNDLE_IDENTIFIER = "cider.battery-controllerUITests";
				PRODUCT_NAME = "$(TARGET_NAME)";
				SWIFT_EMIT_LOC_STRINGS = NO;
				SWIFT_VERSION = 5.0;
				TEST_TARGET_NAME = "battery-controller";
			};
			name = Release;
		};
/* End XCBuildConfiguration section */

/* Begin XCConfigurationList section */
		80C6474029FBAB7B00480A37 /* Build configuration list for PBXProject "battery-controller" */ = {
			isa = XCConfigurationList;
			buildConfigurations = (
				80C6476829FBAB7C00480A37 /* Debug */,
				80C6476929FBAB7C00480A37 /* Release */,
			);
			defaultConfigurationIsVisible = 0;
			defaultConfigurationName = Release;
		};
		80C6476A29FBAB7C00480A37 /* Build configuration list for PBXNativeTarget "battery-controller" */ = {
			isa = XCConfigurationList;
			buildConfigurations = (
				80C6476B29FBAB7C00480A37 /* Debug */,
				80C6476C29FBAB7C00480A37 /* Release */,
			);
			defaultConfigurationIsVisible = 0;
			defaultConfigurationName = Release;
		};
		80C6476D29FBAB7C00480A37 /* Build configuration list for PBXNativeTarget "battery-controllerTests" */ = {
			isa = XCConfigurationList;
			buildConfigurations = (
				80C6476E29FBAB7C00480A37 /* Debug */,
				80C6476F29FBAB7C00480A37 /* Release */,
			);
			defaultConfigurationIsVisible = 0;
			defaultConfigurationName = Release;
		};
		80C6477029FBAB7C00480A37 /* Build configuration list for PBXNativeTarget "battery-controllerUITests" */ = {
			isa = XCConfigurationList;
			buildConfigurations = (
				80C6477129FBAB7C00480A37 /* Debug */,
				80C6477229FBAB7C00480A37 /* Release */,
			);
			defaultConfigurationIsVisible = 0;
			defaultConfigurationName = Release;
		};
/* End XCConfigurationList section */
	};
	rootObject = 80C6473D29FBAB7B00480A37 /* Project object */;
}
